SITE
  remote: http://community.opscode.com/api/v1
  specs:
    apache2 (1.6.0)
    build-essential (1.3.4)
    chef_handler (1.1.4)
    dmg (1.1.0)
    git (2.3.0)
      build-essential (>= 0.0.0)
      dmg (>= 0.0.0)
      runit (~> 1.0)
      windows (>= 0.0.0)
      yum (>= 0.0.0)
    imagemagick (0.2.2)
    java (1.10.0)
      windows (>= 0.0.0)
    logrotate (1.2.0)
    nginx (1.4.0)
      apt (>= 0.0.0)
      build-essential (>= 0.0.0)
      ohai (>= 1.1.4)
      yum (>= 0.0.0)
    ohai (1.1.8)
    python (1.2.2)
      build-essential (>= 0.0.0)
      yum (>= 0.0.0)
    runit (1.1.0)
      build-essential (>= 0.0.0)
    windows (1.8.4)
      chef_handler (>= 0.0.0)
    yum (2.1.0)

GIT
  remote: https://github.com/Graylog2/chef-repo
  path: graylog2
  ref: master
  sha: f3efeb15abf8648f8fbef1aeb38e310a7143ee61
  specs:
    graylog2 (0.0.6)
      apache2 (>= 0.0.0)
      apt (>= 0.0.0)
      mongodb (>= 0.0.0)

GIT
  remote: https://github.com/ctrabold/chef-redis
  ref: master
  sha: e3a89f34d0f5b81867ae9e07a9404ac89e1ff61c
  specs:
    redis (0.0.4)

GIT
  remote: https://github.com/edelight/chef-mongodb
  ref: master
  sha: ce35aef9ba52106ddb0a97d52caf98324e672174
  specs:
    mongodb (0.12.0)
      apt (>= 0.0.0)
      yum (>= 0.0.0)

GIT
  remote: https://github.com/fnichol/chef-rbenv
  ref: master
  sha: 3b1c59abc1134a50b0b8844954eca9a566aaffb8
  specs:
    rbenv (0.7.3)

GIT
  remote: https://github.com/fnichol/chef-ruby_build
  ref: master
  sha: c940b5e9cd40eaba10d6285de6648f4d25fe959d
  specs:
    ruby_build (0.7.2)

GIT
  remote: https://github.com/hectcastro/chef-statsd
  ref: master
  sha: 0349f8f6c69fb8977ce1cd6065df9bc3d0d152e3
  specs:
    statsd (0.0.11)
      git (>= 0.0.0)
      logrotate (>= 0.0.0)
      nodejs (>= 0.0.0)

GIT
  remote: https://github.com/jondot/chef-nodejs-support
  ref: master
  sha: 7a0b9e319c92d147b2832c36ba3e552a8335ea3b
  specs:
    nodejs-support (0.1.0)
      nodejs (>= 0.0.0)

GIT
  remote: https://github.com/jondot/graphicsmagick_cookbook
  ref: master
  sha: c95ce08c564cdde32f29ecfbcc5d5753fc01490f
  specs:
    graphicsmagick (0.1.0)

GIT
  remote: https://github.com/jondot/graphite
  ref: master
  sha: 0791f1a992c34b95ae33eacbdd0a1919f5c2a86c
  specs:
    graphite (0.3.3)
      apache2 (>= 0.0.0)
      python (>= 0.0.0)

GIT
  remote: https://github.com/mdxp/nodejs-cookbook
  ref: master
  sha: caa5e03491192b2b4a39e7052e4a91c0e4ecca4e
  specs:
    nodejs (1.1.0)
      apt (>= 0.0.0)
      build-essential (>= 0.0.0)

GIT
  remote: https://github.com/opscode-cookbooks/apt
  ref: 72295f9354f0a0a791f198f4158d1f428af6e29d
  sha: 72295f9354f0a0a791f198f4158d1f428af6e29d
  specs:
    apt (1.4.0)

DEPENDENCIES
  apt (>= 0)
  git (>= 0)
  graphicsmagick (>= 0)
  graphite (>= 0)
  graylog2 (>= 0)
  imagemagick (>= 0)
  java (>= 0)
  mongodb (>= 0)
  nginx (>= 0)
  nodejs (>= 0)
  nodejs-support (>= 0)
  python (>= 0)
  rbenv (>= 0)
  redis (>= 0)
  ruby_build (>= 0)
  statsd (>= 0)

