SITE
  remote: http://community.opscode.com/api/v1
  specs:
    apache2 (1.1.12)
    apt (1.4.4)
    bluepill (1.0.6)
    build-essential (1.1.0)
    dmg (1.0.0)
    git (1.0.0)
      dmg (>= 0.0.0)
      runit (>= 0.0.0)
      yum (>= 0.0.0)
    imagemagick (0.2.2)
    java (1.5.2)
    logrotate (0.8.2)
    nginx (0.101.6)
      bluepill (>= 0.0.0)
      build-essential (>= 0.0.0)
      ohai (~> 1.0.2)
      runit (>= 0.0.0)
      yum (>= 0.0.0)
    ohai (1.0.2)
    python (1.0.6)
      build-essential (>= 0.0.0)
    runit (0.15.0)
    yum (0.6.2)

GIT
  remote: https://github.com/ctrabold/chef-redis
  ref: master
  sha: 9d666da8c00d9d25a5f2b099d1b8137964151111
  specs:
    redis (0.0.3)

GIT
  remote: https://github.com/fnichol/chef-rbenv
  ref: master
  sha: c4dbcc85e3d6dae0eb8c9dc507d5ee915b7ad480
  specs:
    rbenv (0.6.11)

GIT
  remote: https://github.com/fnichol/chef-ruby_build
  ref: master
  sha: c38d86966694b85db291625b245722208b40b61e
  specs:
    ruby_build (0.6.3)

GIT
  remote: https://github.com/hectcastro/chef-statsd
  ref: master
  sha: 994bb1ff0ae1cb9a17535a15a628e498ba1553ee
  specs:
    statsd (0.0.4)
      git (>= 0.0.0)
      logrotate (>= 0.0.0)
      nodejs (>= 0.0.0)

GIT
  remote: https://github.com/jondot/chef-nodejs-support
  ref: master
  sha: a72a5f27a1130468d22c7aaf3487c77576e4844e
  specs:
    nodejs-support (0.1.0)
      nodejs (>= 0.0.0)

GIT
  remote: https://github.com/jondot/graphite
  ref: master
  sha: 0791f1a992c34b95ae33eacbdd0a1919f5c2a86c
  specs:
    graphite (0.3.3)
      apache2 (>= 0.0.0)
      python (>= 0.0.0)

GIT
  remote: https://github.com/mdxp/nodejs-cookbook
  ref: master
  sha: 9f3426670af1debb1bcc4aea6f5a2bb8932a5595
  specs:
    nodejs (1.0.0)
      build-essential (>= 0.0.0)

DEPENDENCIES
  apt (>= 0)
  git (>= 0)
  graphite (>= 0)
  imagemagick (>= 0)
  java (>= 0)
  nginx (>= 0)
  nodejs (>= 0)
  nodejs-support (>= 0)
  python (>= 0)
  rbenv (>= 0)
  redis (>= 0)
  ruby_build (>= 0)
  statsd (>= 0)

